
Microsoft Visual Studio Solution File, Format Version 12.00
# Visual Studio Version 17
VisualStudioVersion = 17.5.33414.496
MinimumVisualStudioVersion = 10.0.40219.1
Project("{FAE04EC0-301F-11D3-BF4B-00C04F79EFBC}") = "ITP4522_Project", "ITP4522_Project\ITP4522_Project.csproj", "{5941C41B-7353-43D5-8131-77A1146B176F}"
EndProject
Global
	GlobalSection(SolutionConfigurationPlatforms) = preSolution
		Debug|Any CPU = Debug|Any CPU
		Release|Any CPU = Release|Any CPU
	EndGlobalSection
	GlobalSection(ProjectConfigurationPlatforms) = postSolution
		{5941C41B-7353-43D5-8131-77A1146B176F}.Debug|Any CPU.ActiveCfg = Debug|Any CPU
		{5941C41B-7353-43D5-8131-77A1146B176F}.Debug|Any CPU.Build.0 = Debug|Any CPU
		{5941C41B-7353-43D5-8131-77A1146B176F}.Release|Any CPU.ActiveCfg = Release|Any CPU
		{5941C41B-7353-43D5-8131-77A1146B176F}.Release|Any CPU.Build.0 = Release|Any CPU
	EndGlobalSection
	GlobalSection(SolutionProperties) = preSolution
		HideSolutionNode = FALSE
	EndGlobalSection
	GlobalSection(ExtensibilityGlobals) = postSolution
		SolutionGuid = {635CB575-497F-4451-B757-AB2B1F420823}
	EndGlobalSection
EndGlobal
